
Microsoft Visual Studio Solution File, Format Version 12.00
# Visual Studio 15
VisualStudioVersion = 15.0.27428.2043
MinimumVisualStudioVersion = 10.0.40219.1
Project("{888888A0-9F3D-457C-B088-3A5042F75D52}") = "coin-or_rbfopt", "coin-or_rbfopt.pyproj", "{842EB808-56B4-465D-9CE5-249E2EA89D58}"
EndProject
Global
	GlobalSection(SolutionConfigurationPlatforms) = preSolution
		Debug|Any CPU = Debug|Any CPU
		Release|Any CPU = Release|Any CPU
	EndGlobalSection
	GlobalSection(ProjectConfigurationPlatforms) = postSolution
		{842EB808-56B4-465D-9CE5-249E2EA89D58}.Debug|Any CPU.ActiveCfg = Debug|Any CPU
		{842EB808-56B4-465D-9CE5-249E2EA89D58}.Release|Any CPU.ActiveCfg = Release|Any CPU
	EndGlobalSection
	GlobalSection(SolutionProperties) = preSolution
		HideSolutionNode = FALSE
	EndGlobalSection
	GlobalSection(ExtensibilityGlobals) = postSolution
		SolutionGuid = {53C777E6-AC30-4038-9FA8-2E4E664ECA82}
	EndGlobalSection
EndGlobal
